
Microsoft Visual Studio Solution File, Format Version 12.00
# Visual Studio Version 17
VisualStudioVersion = 17.1.32407.343
MinimumVisualStudioVersion = 10.0.40219.1
Project("{FAE04EC0-301F-11D3-BF4B-00C04F79EFBC}") = "Pong meu", "Pong meu\Pong meu.csproj", "{DD12922D-5C65-4A8D-BB4C-F4DF6ED8D53F}"
EndProject
Global
	GlobalSection(SolutionConfigurationPlatforms) = preSolution
		Debug|Any CPU = Debug|Any CPU
		Release|Any CPU = Release|Any CPU
	EndGlobalSection
	GlobalSection(ProjectConfigurationPlatforms) = postSolution
		{DD12922D-5C65-4A8D-BB4C-F4DF6ED8D53F}.Debug|Any CPU.ActiveCfg = Debug|Any CPU
		{DD12922D-5C65-4A8D-BB4C-F4DF6ED8D53F}.Debug|Any CPU.Build.0 = Debug|Any CPU
		{DD12922D-5C65-4A8D-BB4C-F4DF6ED8D53F}.Release|Any CPU.ActiveCfg = Release|Any CPU
		{DD12922D-5C65-4A8D-BB4C-F4DF6ED8D53F}.Release|Any CPU.Build.0 = Release|Any CPU
	EndGlobalSection
	GlobalSection(SolutionProperties) = preSolution
		HideSolutionNode = FALSE
	EndGlobalSection
	GlobalSection(ExtensibilityGlobals) = postSolution
		SolutionGuid = {2A7941F5-B12F-4103-93C5-64B749B9D0FF}
	EndGlobalSection
EndGlobal
